// !$*UTF8*$!
{
	archiveVersion = 1;
	classes = {
	};
	objectVersion = 46;
	objects = {

/* Begin PBXBuildFile section */
		345929691A2A351B00ABFA27 /* xigo_logrecord.cpp in Sources */ = {isa = PBXBuildFile; fileRef = 345929681A2A351B00ABFA27 /* xigo_logrecord.cpp */; };
		3459296B1A2A353200ABFA27 /* xigo_logrecordwifi.cpp in Sources */ = {isa = PBXBuildFile; fileRef = 3459296A1A2A353200ABFA27 /* xigo_logrecordwifi.cpp */; };
		3459296D1A2A3C7F00ABFA27 /* xigo_factory.cpp in Sources */ = {isa = PBXBuildFile; fileRef = 3459296C1A2A3C7F00ABFA27 /* xigo_factory.cpp */; };
		345929701A2A3DDA00ABFA27 /* xigo_factory_table.cpp in Sources */ = {isa = PBXBuildFile; fileRef = 3459296E1A2A3DDA00ABFA27 /* xigo_factory_table.cpp */; };
		345929741A2A7A8600ABFA27 /* xigo_file.cpp in Sources */ = {isa = PBXBuildFile; fileRef = 345929731A2A7A8600ABFA27 /* xigo_file.cpp */; };
		345929761A2B8B9800ABFA27 /* xigo_time.cpp in Sources */ = {isa = PBXBuildFile; fileRef = 345929751A2B8B9800ABFA27 /* xigo_time.cpp */; };
		34F4864C1A2381C900862282 /* main.cpp in Sources */ = {isa = PBXBuildFile; fileRef = 34F4864B1A2381C900862282 /* main.cpp */; };
/* End PBXBuildFile section */

/* Begin PBXCopyFilesBuildPhase section */
		34F486461A2381C900862282 /* CopyFiles */ = {
			isa = PBXCopyFilesBuildPhase;
			buildActionMask = 2147483647;
			dstPath = /usr/share/man/man1/;
			dstSubfolderSpec = 0;
			files = (
			);
			runOnlyForDeploymentPostprocessing = 1;
		};
/* End PBXCopyFilesBuildPhase section */

/* Begin PBXFileReference section */
		3459295E1A27751400ABFA27 /* xigo_factory.h */ = {isa = PBXFileReference; lastKnownFileType = sourcecode.c.h; path = xigo_factory.h; sourceTree = "<group>"; };
		345929601A291FE300ABFA27 /* xigo_types.h */ = {isa = PBXFileReference; lastKnownFileType = sourcecode.c.h; path = xigo_types.h; sourceTree = "<group>"; };
		345929611A29210000ABFA27 /* xigo_file.h */ = {isa = PBXFileReference; lastKnownFileType = sourcecode.c.h; path = xigo_file.h; sourceTree = "<group>"; };
		345929621A2A2DE000ABFA27 /* xigo_template.h */ = {isa = PBXFileReference; lastKnownFileType = sourcecode.c.h; path = xigo_template.h; sourceTree = "<group>"; };
		345929631A2A2EC700ABFA27 /* xigo_time.h */ = {isa = PBXFileReference; lastKnownFileType = sourcecode.c.h; path = xigo_time.h; sourceTree = "<group>"; };
		345929641A2A2F1300ABFA27 /* xigo_location.h */ = {isa = PBXFileReference; lastKnownFileType = sourcecode.c.h; path = xigo_location.h; sourceTree = "<group>"; };
		345929651A2A317600ABFA27 /* xigo_string.h */ = {isa = PBXFileReference; lastKnownFileType = sourcecode.c.h; path = xigo_string.h; sourceTree = "<group>"; };
		345929661A2A31DF00ABFA27 /* xigo_logtypes.h */ = {isa = PBXFileReference; lastKnownFileType = sourcecode.c.h; path = xigo_logtypes.h; sourceTree = "<group>"; };
		345929671A2A32A200ABFA27 /* xigo_logrecordwifi.h */ = {isa = PBXFileReference; lastKnownFileType = sourcecode.c.h; path = xigo_logrecordwifi.h; sourceTree = "<group>"; };
		345929681A2A351B00ABFA27 /* xigo_logrecord.cpp */ = {isa = PBXFileReference; fileEncoding = 4; lastKnownFileType = sourcecode.cpp.cpp; path = xigo_logrecord.cpp; sourceTree = "<group>"; };
		3459296A1A2A353200ABFA27 /* xigo_logrecordwifi.cpp */ = {isa = PBXFileReference; fileEncoding = 4; lastKnownFileType = sourcecode.cpp.cpp; path = xigo_logrecordwifi.cpp; sourceTree = "<group>"; };
		3459296C1A2A3C7F00ABFA27 /* xigo_factory.cpp */ = {isa = PBXFileReference; fileEncoding = 4; lastKnownFileType = sourcecode.cpp.cpp; path = xigo_factory.cpp; sourceTree = "<group>"; };
		3459296E1A2A3DDA00ABFA27 /* xigo_factory_table.cpp */ = {isa = PBXFileReference; fileEncoding = 4; lastKnownFileType = sourcecode.cpp.cpp; path = xigo_factory_table.cpp; sourceTree = "<group>"; };
		345929711A2A534A00ABFA27 /* xigo_factory_table.h */ = {isa = PBXFileReference; lastKnownFileType = sourcecode.c.h; path = xigo_factory_table.h; sourceTree = "<group>"; };
		345929721A2A75E600ABFA27 /* xigo_component.h */ = {isa = PBXFileReference; lastKnownFileType = sourcecode.c.h; path = xigo_component.h; sourceTree = "<group>"; };
		345929731A2A7A8600ABFA27 /* xigo_file.cpp */ = {isa = PBXFileReference; fileEncoding = 4; lastKnownFileType = sourcecode.cpp.cpp; path = xigo_file.cpp; sourceTree = "<group>"; };
		345929751A2B8B9800ABFA27 /* xigo_time.cpp */ = {isa = PBXFileReference; fileEncoding = 4; lastKnownFileType = sourcecode.cpp.cpp; path = xigo_time.cpp; sourceTree = "<group>"; };
		34F486481A2381C900862282 /* CLT */ = {isa = PBXFileReference; explicitFileType = "compiled.mach-o.executable"; includeInIndex = 0; path = CLT; sourceTree = BUILT_PRODUCTS_DIR; };
		34F4864B1A2381C900862282 /* main.cpp */ = {isa = PBXFileReference; lastKnownFileType = sourcecode.cpp.cpp; path = main.cpp; sourceTree = "<group>"; };
		34F486521A2381F500862282 /* xigo.h */ = {isa = PBXFileReference; lastKnownFileType = sourcecode.c.h; path = xigo.h; sourceTree = "<group>"; };
/* End PBXFileReference section */

/* Begin PBXFrameworksBuildPhase section */
		34F486451A2381C900862282 /* Frameworks */ = {
			isa = PBXFrameworksBuildPhase;
			buildActionMask = 2147483647;
			files = (
			);
			runOnlyForDeploymentPostprocessing = 0;
		};
/* End PBXFrameworksBuildPhase section */

/* Begin PBXGroup section */
		34F4863F1A2381C900862282 = {
			isa = PBXGroup;
			children = (
				34F4864A1A2381C900862282 /* CLT */,
				34F486491A2381C900862282 /* Products */,
			);
			sourceTree = "<group>";
		};
		34F486491A2381C900862282 /* Products */ = {
			isa = PBXGroup;
			children = (
				34F486481A2381C900862282 /* CLT */,
			);
			name = Products;
			sourceTree = "<group>";
		};
		34F4864A1A2381C900862282 /* CLT */ = {
			isa = PBXGroup;
			children = (
				34F4864B1A2381C900862282 /* main.cpp */,
				345929721A2A75E600ABFA27 /* xigo_component.h */,
				3459296E1A2A3DDA00ABFA27 /* xigo_factory_table.cpp */,
				345929711A2A534A00ABFA27 /* xigo_factory_table.h */,
				3459296C1A2A3C7F00ABFA27 /* xigo_factory.cpp */,
				3459295E1A27751400ABFA27 /* xigo_factory.h */,
				345929731A2A7A8600ABFA27 /* xigo_file.cpp */,
				345929611A29210000ABFA27 /* xigo_file.h */,
				345929641A2A2F1300ABFA27 /* xigo_location.h */,
				345929681A2A351B00ABFA27 /* xigo_logrecord.cpp */,
				3459296A1A2A353200ABFA27 /* xigo_logrecordwifi.cpp */,
				345929671A2A32A200ABFA27 /* xigo_logrecordwifi.h */,
				345929661A2A31DF00ABFA27 /* xigo_logtypes.h */,
				345929651A2A317600ABFA27 /* xigo_string.h */,
				345929621A2A2DE000ABFA27 /* xigo_template.h */,
				345929631A2A2EC700ABFA27 /* xigo_time.h */,
				345929601A291FE300ABFA27 /* xigo_types.h */,
				34F486521A2381F500862282 /* xigo.h */,
				345929751A2B8B9800ABFA27 /* xigo_time.cpp */,
			);
			path = CLT;
			sourceTree = "<group>";
		};
/* End PBXGroup section */

/* Begin PBXNativeTarget section */
		34F486471A2381C900862282 /* CLT */ = {
			isa = PBXNativeTarget;
			buildConfigurationList = 34F4864F1A2381C900862282 /* Build configuration list for PBXNativeTarget "CLT" */;
			buildPhases = (
				34F486441A2381C900862282 /* Sources */,
				34F486451A2381C900862282 /* Frameworks */,
				34F486461A2381C900862282 /* CopyFiles */,
			);
			buildRules = (
			);
			dependencies = (
			);
			name = CLT;
			productName = CLT;
			productReference = 34F486481A2381C900862282 /* CLT */;
			productType = "com.apple.product-type.tool";
		};
/* End PBXNativeTarget section */

/* Begin PBXProject section */
		34F486401A2381C900862282 /* Project object */ = {
			isa = PBXProject;
			attributes = {
				LastUpgradeCheck = 0610;
				ORGANIZATIONNAME = 3LS;
				TargetAttributes = {
					34F486471A2381C900862282 = {
						CreatedOnToolsVersion = 6.1;
					};
				};
			};
			buildConfigurationList = 34F486431A2381C900862282 /* Build configuration list for PBXProject "CLT" */;
			compatibilityVersion = "Xcode 3.2";
			developmentRegion = English;
			hasScannedForEncodings = 0;
			knownRegions = (
				en,
			);
			mainGroup = 34F4863F1A2381C900862282;
			productRefGroup = 34F486491A2381C900862282 /* Products */;
			projectDirPath = "";
			projectRoot = "";
			targets = (
				34F486471A2381C900862282 /* CLT */,
			);
		};
/* End PBXProject section */

/* Begin PBXSourcesBuildPhase section */
		34F486441A2381C900862282 /* Sources */ = {
			isa = PBXSourcesBuildPhase;
			buildActionMask = 2147483647;
			files = (
				345929701A2A3DDA00ABFA27 /* xigo_factory_table.cpp in Sources */,
				3459296B1A2A353200ABFA27 /* xigo_logrecordwifi.cpp in Sources */,
				345929761A2B8B9800ABFA27 /* xigo_time.cpp in Sources */,
				345929691A2A351B00ABFA27 /* xigo_logrecord.cpp in Sources */,
				34F4864C1A2381C900862282 /* main.cpp in Sources */,
				345929741A2A7A8600ABFA27 /* xigo_file.cpp in Sources */,
				3459296D1A2A3C7F00ABFA27 /* xigo_factory.cpp in Sources */,
			);
			runOnlyForDeploymentPostprocessing = 0;
		};
/* End PBXSourcesBuildPhase section */

/* Begin XCBuildConfiguration section */
		34F4864D1A2381C900862282 /* Debug */ = {
			isa = XCBuildConfiguration;
			buildSettings = {
				ALWAYS_SEARCH_USER_PATHS = NO;
				CLANG_CXX_LANGUAGE_STANDARD = "gnu++0x";
				CLANG_CXX_LIBRARY = "libc++";
				CLANG_ENABLE_MODULES = YES;
				CLANG_ENABLE_OBJC_ARC = YES;
				CLANG_WARN_BOOL_CONVERSION = YES;
				CLANG_WARN_CONSTANT_CONVERSION = YES;
				CLANG_WARN_DIRECT_OBJC_ISA_USAGE = YES_ERROR;
				CLANG_WARN_EMPTY_BODY = YES;
				CLANG_WARN_ENUM_CONVERSION = YES;
				CLANG_WARN_INT_CONVERSION = YES;
				CLANG_WARN_OBJC_ROOT_CLASS = YES_ERROR;
				CLANG_WARN_UNREACHABLE_CODE = YES;
				CLANG_WARN__DUPLICATE_METHOD_MATCH = YES;
				COPY_PHASE_STRIP = NO;
				ENABLE_STRICT_OBJC_MSGSEND = YES;
				GCC_C_LANGUAGE_STANDARD = gnu99;
				GCC_DYNAMIC_NO_PIC = NO;
				GCC_OPTIMIZATION_LEVEL = 0;
				GCC_PREPROCESSOR_DEFINITIONS = (
					"DEBUG=1",
					"$(inherited)",
				);
				GCC_SYMBOLS_PRIVATE_EXTERN = NO;
				GCC_WARN_64_TO_32_BIT_CONVERSION = YES;
				GCC_WARN_ABOUT_RETURN_TYPE = YES_ERROR;
				GCC_WARN_UNDECLARED_SELECTOR = YES;
				GCC_WARN_UNINITIALIZED_AUTOS = YES_AGGRESSIVE;
				GCC_WARN_UNUSED_FUNCTION = YES;
				GCC_WARN_UNUSED_VARIABLE = YES;
				MACOSX_DEPLOYMENT_TARGET = 10.10;
				MTL_ENABLE_DEBUG_INFO = YES;
				ONLY_ACTIVE_ARCH = YES;
				SDKROOT = macosx;
			};
			name = Debug;
		};
		34F4864E1A2381C900862282 /* Release */ = {
			isa = XCBuildConfiguration;
			buildSettings = {
				ALWAYS_SEARCH_USER_PATHS = NO;
				CLANG_CXX_LANGUAGE_STANDARD = "gnu++0x";
				CLANG_CXX_LIBRARY = "libc++";
				CLANG_ENABLE_MODULES = YES;
				CLANG_ENABLE_OBJC_ARC = YES;
				CLANG_WARN_BOOL_CONVERSION = YES;
				CLANG_WARN_CONSTANT_CONVERSION = YES;
				CLANG_WARN_DIRECT_OBJC_ISA_USAGE = YES_ERROR;
				CLANG_WARN_EMPTY_BODY = YES;
				CLANG_WARN_ENUM_CONVERSION = YES;
				CLANG_WARN_INT_CONVERSION = YES;
				CLANG_WARN_OBJC_ROOT_CLASS = YES_ERROR;
				CLANG_WARN_UNREACHABLE_CODE = YES;
				CLANG_WARN__DUPLICATE_METHOD_MATCH = YES;
				COPY_PHASE_STRIP = YES;
				DEBUG_INFORMATION_FORMAT = "dwarf-with-dsym";
				ENABLE_NS_ASSERTIONS = NO;
				ENABLE_STRICT_OBJC_MSGSEND = YES;
				GCC_C_LANGUAGE_STANDARD = gnu99;
				GCC_WARN_64_TO_32_BIT_CONVERSION = YES;
				GCC_WARN_ABOUT_RETURN_TYPE = YES_ERROR;
				GCC_WARN_UNDECLARED_SELECTOR = YES;
				GCC_WARN_UNINITIALIZED_AUTOS = YES_AGGRESSIVE;
				GCC_WARN_UNUSED_FUNCTION = YES;
				GCC_WARN_UNUSED_VARIABLE = YES;
				MACOSX_DEPLOYMENT_TARGET = 10.10;
				MTL_ENABLE_DEBUG_INFO = NO;
				SDKROOT = macosx;
			};
			name = Release;
		};
		34F486501A2381C900862282 /* Debug */ = {
			isa = XCBuildConfiguration;
			buildSettings = {
				PRODUCT_NAME = "$(TARGET_NAME)";
			};
			name = Debug;
		};
		34F486511A2381C900862282 /* Release */ = {
			isa = XCBuildConfiguration;
			buildSettings = {
				PRODUCT_NAME = "$(TARGET_NAME)";
			};
			name = Release;
		};
/* End XCBuildConfiguration section */

/* Begin XCConfigurationList section */
		34F486431A2381C900862282 /* Build configuration list for PBXProject "CLT" */ = {
			isa = XCConfigurationList;
			buildConfigurations = (
				34F4864D1A2381C900862282 /* Debug */,
				34F4864E1A2381C900862282 /* Release */,
			);
			defaultConfigurationIsVisible = 0;
			defaultConfigurationName = Release;
		};
		34F4864F1A2381C900862282 /* Build configuration list for PBXNativeTarget "CLT" */ = {
			isa = XCConfigurationList;
			buildConfigurations = (
				34F486501A2381C900862282 /* Debug */,
				34F486511A2381C900862282 /* Release */,
			);
			defaultConfigurationIsVisible = 0;
			defaultConfigurationName = Release;
		};
/* End XCConfigurationList section */
	};
	rootObject = 34F486401A2381C900862282 /* Project object */;
}
